
Microsoft Visual Studio Solution File, Format Version 12.00
# Visual Studio Version 16
VisualStudioVersion = 16.0.31624.102
MinimumVisualStudioVersion = 10.0.40219.1
Project("{FAE04EC0-301F-11D3-BF4B-00C04F79EFBC}") = "TabletopTweaksExtended", "TabletopTweaksExtended\TabletopTweaksExtended.csproj", "{935DD8DD-8EB5-4CE1-AAAA-00CEAC3B8AD7}"
EndProject
Global
	GlobalSection(SolutionConfigurationPlatforms) = preSolution
		Debug|Any CPU = Debug|Any CPU
		Release|Any CPU = Release|Any CPU
	EndGlobalSection
	GlobalSection(ProjectConfigurationPlatforms) = postSolution
		{935DD8DD-8EB5-4CE1-AAAA-00CEAC3B8AD7}.Debug|Any CPU.ActiveCfg = Debug|Any CPU
		{935DD8DD-8EB5-4CE1-AAAA-00CEAC3B8AD7}.Debug|Any CPU.Build.0 = Debug|Any CPU
		{935DD8DD-8EB5-4CE1-AAAA-00CEAC3B8AD7}.Release|Any CPU.ActiveCfg = Release|Any CPU
		{935DD8DD-8EB5-4CE1-AAAA-00CEAC3B8AD7}.Release|Any CPU.Build.0 = Release|Any CPU
	EndGlobalSection
	GlobalSection(SolutionProperties) = preSolution
		HideSolutionNode = FALSE
	EndGlobalSection
	GlobalSection(ExtensibilityGlobals) = postSolution
		SolutionGuid = {0B62BE3D-0F5C-409F-86A9-6A44C9C95B3E}
	EndGlobalSection
EndGlobal
